// !$*UTF8*$!
{
	archiveVersion = 1;
	classes = {
	};
	objectVersion = 50;
	objects = {

/* Begin PBXBuildFile section */
		310845B2260BCF3A00C87821 /* ProfileEditor.swift in Sources */ = {isa = PBXBuildFile; fileRef = 310845B1260BCF3A00C87821 /* ProfileEditor.swift */; };
		3109E1912601CBDB001D39A3 /* CategoryHome.swift in Sources */ = {isa = PBXBuildFile; fileRef = 3109E1902601CBDB001D39A3 /* CategoryHome.swift */; };
		3109E19E2601CED5001D39A3 /* CategoryRow.swift in Sources */ = {isa = PBXBuildFile; fileRef = 3109E19D2601CED5001D39A3 /* CategoryRow.swift */; };
		3109E1A22601D27A001D39A3 /* CategoryItem.swift in Sources */ = {isa = PBXBuildFile; fileRef = 3109E1A12601D27A001D39A3 /* CategoryItem.swift */; };
		3109E1A82601D7FA001D39A3 /* ContentView.swift in Sources */ = {isa = PBXBuildFile; fileRef = 3109E1A72601D7FA001D39A3 /* ContentView.swift */; };
		310C7E1325C92F700000F1E4 /* FavoriteButton.swift in Sources */ = {isa = PBXBuildFile; fileRef = 310C7E1225C92F700000F1E4 /* FavoriteButton.swift */; };
		31212CDB2618AC7C005267AC /* FeatureCard.swift in Sources */ = {isa = PBXBuildFile; fileRef = 31212CDA2618AC7C005267AC /* FeatureCard.swift */; };
		31212CDF2618AF08005267AC /* PageView.swift in Sources */ = {isa = PBXBuildFile; fileRef = 31212CDE2618AF08005267AC /* PageView.swift */; };
		31212CE32618BA4C005267AC /* PageControl.swift in Sources */ = {isa = PBXBuildFile; fileRef = 31212CE22618BA4C005267AC /* PageControl.swift */; };
		3148C78A2597B48300F2DB2E /* Tests_iOS.swift in Sources */ = {isa = PBXBuildFile; fileRef = 3148C7892597B48300F2DB2E /* Tests_iOS.swift */; };
		3148C7972597B48300F2DB2E /* SwiftUI_TutorialApp.swift in Sources */ = {isa = PBXBuildFile; fileRef = 3148C76E2597B48200F2DB2E /* SwiftUI_TutorialApp.swift */; };
		3148C79B2597B48300F2DB2E /* Assets.xcassets in Resources */ = {isa = PBXBuildFile; fileRef = 3148C7702597B48300F2DB2E /* Assets.xcassets */; };
		318E798F2607CD5400FF76F6 /* Profile.swift in Sources */ = {isa = PBXBuildFile; fileRef = 318E798E2607CD5400FF76F6 /* Profile.swift */; };
		318E79942607CE6200FF76F6 /* ProfileHost.swift in Sources */ = {isa = PBXBuildFile; fileRef = 318E79932607CE6200FF76F6 /* ProfileHost.swift */; };
		318E79982607CFA000FF76F6 /* ProfileSummary.swift in Sources */ = {isa = PBXBuildFile; fileRef = 318E79972607CFA000FF76F6 /* ProfileSummary.swift */; };
		318E79A22607D1AB00FF76F6 /* HikeBadge.swift in Sources */ = {isa = PBXBuildFile; fileRef = 318E79A12607D1AB00FF76F6 /* HikeBadge.swift */; };
		31AD579025AEBDF6006952E0 /* landmarkData.json in Resources */ = {isa = PBXBuildFile; fileRef = 31AD578F25AEBDF6006952E0 /* landmarkData.json */; };
		31AD579725AEBE06006952E0 /* Landmark.swift in Sources */ = {isa = PBXBuildFile; fileRef = 31AD579625AEBE06006952E0 /* Landmark.swift */; };
		31AD579E25AEBF32006952E0 /* ModelData.swift in Sources */ = {isa = PBXBuildFile; fileRef = 31AD579D25AEBF32006952E0 /* ModelData.swift */; };
		31AD57B325AEC477006952E0 /* LandmarkRow.swift in Sources */ = {isa = PBXBuildFile; fileRef = 31AD57B225AEC477006952E0 /* LandmarkRow.swift */; };
		31C08C3D25A43FBE00339B84 /* CircleImage.swift in Sources */ = {isa = PBXBuildFile; fileRef = 31C08C3C25A43FBE00339B84 /* CircleImage.swift */; };
		31C08C4425A445D600339B84 /* MapView.swift in Sources */ = {isa = PBXBuildFile; fileRef = 31C08C4325A445D600339B84 /* MapView.swift */; };
		31CB26B225B7FC39009EF6F8 /* LandmarkList.swift in Sources */ = {isa = PBXBuildFile; fileRef = 31CB26B125B7FC39009EF6F8 /* LandmarkList.swift */; };
		31CB26B925B7FDBE009EF6F8 /* LandmarkDetail.swift in Sources */ = {isa = PBXBuildFile; fileRef = 31CB26B825B7FDBE009EF6F8 /* LandmarkDetail.swift */; };
		31D299542612D4F000FE5434 /* PageViewController.swift in Sources */ = {isa = PBXBuildFile; fileRef = 31D299532612D4F000FE5434 /* PageViewController.swift */; };
		31E818A925DA3DFE0074BE39 /* HexagonParameters.swift in Sources */ = {isa = PBXBuildFile; fileRef = 31E818A825DA3DFE0074BE39 /* HexagonParameters.swift */; };
		31E818AF25DA41430074BE39 /* BadgeBackground.swift in Sources */ = {isa = PBXBuildFile; fileRef = 31E818AE25DA41430074BE39 /* BadgeBackground.swift */; };
		31F4751625F595C600EE9171 /* BadgeSymbol.swift in Sources */ = {isa = PBXBuildFile; fileRef = 31F4751525F595C600EE9171 /* BadgeSymbol.swift */; };
		31F4751C25F5984C00EE9171 /* RotatedBadgeSymbol.swift in Sources */ = {isa = PBXBuildFile; fileRef = 31F4751B25F5984C00EE9171 /* RotatedBadgeSymbol.swift */; };
		31F4752225F59A3200EE9171 /* Badge.swift in Sources */ = {isa = PBXBuildFile; fileRef = 31F4752125F59A3200EE9171 /* Badge.swift */; };
		31F4752925F5A36900EE9171 /* hikeData.json in Resources */ = {isa = PBXBuildFile; fileRef = 31F4752825F5A36900EE9171 /* hikeData.json */; };
		31F4752F25F5A38C00EE9171 /* Hike.swift.swift in Sources */ = {isa = PBXBuildFile; fileRef = 31F4752E25F5A38C00EE9171 /* Hike.swift.swift */; };
		31F4753925F5A4AA00EE9171 /* GraphCapsule.swift in Sources */ = {isa = PBXBuildFile; fileRef = 31F4753525F5A4AA00EE9171 /* GraphCapsule.swift */; };
		31F4753A25F5A4AA00EE9171 /* HikeGraph.swift in Sources */ = {isa = PBXBuildFile; fileRef = 31F4753625F5A4AA00EE9171 /* HikeGraph.swift */; };
		31F4753B25F5A4AA00EE9171 /* HikeDetail.swift in Sources */ = {isa = PBXBuildFile; fileRef = 31F4753725F5A4AA00EE9171 /* HikeDetail.swift */; };
		31F4753C25F5A4AA00EE9171 /* HikeView.swift in Sources */ = {isa = PBXBuildFile; fileRef = 31F4753825F5A4AA00EE9171 /* HikeView.swift */; };
/* End PBXBuildFile section */

/* Begin PBXContainerItemProxy section */
		3148C7862597B48300F2DB2E /* PBXContainerItemProxy */ = {
			isa = PBXContainerItemProxy;
			containerPortal = 3148C7692597B48200F2DB2E /* Project object */;
			proxyType = 1;
			remoteGlobalIDString = 3148C7742597B48300F2DB2E;
			remoteInfo = "SwiftUI-Tutorial (iOS)";
		};
/* End PBXContainerItemProxy section */

/* Begin PBXFileReference section */
		310845B1260BCF3A00C87821 /* ProfileEditor.swift */ = {isa = PBXFileReference; lastKnownFileType = sourcecode.swift; path = ProfileEditor.swift; sourceTree = "<group>"; };
		3109E1902601CBDB001D39A3 /* CategoryHome.swift */ = {isa = PBXFileReference; lastKnownFileType = sourcecode.swift; path = CategoryHome.swift; sourceTree = "<group>"; };
		3109E19D2601CED5001D39A3 /* CategoryRow.swift */ = {isa = PBXFileReference; lastKnownFileType = sourcecode.swift; path = CategoryRow.swift; sourceTree = "<group>"; };
		3109E1A12601D27A001D39A3 /* CategoryItem.swift */ = {isa = PBXFileReference; lastKnownFileType = sourcecode.swift; path = CategoryItem.swift; sourceTree = "<group>"; };
		3109E1A72601D7FA001D39A3 /* ContentView.swift */ = {isa = PBXFileReference; lastKnownFileType = sourcecode.swift; path = ContentView.swift; sourceTree = "<group>"; };
		310C7E1225C92F700000F1E4 /* FavoriteButton.swift */ = {isa = PBXFileReference; lastKnownFileType = sourcecode.swift; path = FavoriteButton.swift; sourceTree = "<group>"; };
		31212CDA2618AC7C005267AC /* FeatureCard.swift */ = {isa = PBXFileReference; lastKnownFileType = sourcecode.swift; path = FeatureCard.swift; sourceTree = "<group>"; };
		31212CDE2618AF08005267AC /* PageView.swift */ = {isa = PBXFileReference; lastKnownFileType = sourcecode.swift; path = PageView.swift; sourceTree = "<group>"; };
		31212CE22618BA4C005267AC /* PageControl.swift */ = {isa = PBXFileReference; lastKnownFileType = sourcecode.swift; path = PageControl.swift; sourceTree = "<group>"; };
		3148C76E2597B48200F2DB2E /* SwiftUI_TutorialApp.swift */ = {isa = PBXFileReference; lastKnownFileType = sourcecode.swift; path = SwiftUI_TutorialApp.swift; sourceTree = "<group>"; };
		3148C7702597B48300F2DB2E /* Assets.xcassets */ = {isa = PBXFileReference; lastKnownFileType = folder.assetcatalog; path = Assets.xcassets; sourceTree = "<group>"; };
		3148C7752597B48300F2DB2E /* SwiftUI-Tutorial.app */ = {isa = PBXFileReference; explicitFileType = wrapper.application; includeInIndex = 0; path = "SwiftUI-Tutorial.app"; sourceTree = BUILT_PRODUCTS_DIR; };
		3148C7782597B48300F2DB2E /* Info.plist */ = {isa = PBXFileReference; lastKnownFileType = text.plist.xml; path = Info.plist; sourceTree = "<group>"; };
		3148C7852597B48300F2DB2E /* Tests iOS.xctest */ = {isa = PBXFileReference; explicitFileType = wrapper.cfbundle; includeInIndex = 0; path = "Tests iOS.xctest"; sourceTree = BUILT_PRODUCTS_DIR; };
		3148C7892597B48300F2DB2E /* Tests_iOS.swift */ = {isa = PBXFileReference; lastKnownFileType = sourcecode.swift; path = Tests_iOS.swift; sourceTree = "<group>"; };
		3148C78B2597B48300F2DB2E /* Info.plist */ = {isa = PBXFileReference; lastKnownFileType = text.plist.xml; path = Info.plist; sourceTree = "<group>"; };
		318E798E2607CD5400FF76F6 /* Profile.swift */ = {isa = PBXFileReference; lastKnownFileType = sourcecode.swift; path = Profile.swift; sourceTree = "<group>"; };
		318E79932607CE6200FF76F6 /* ProfileHost.swift */ = {isa = PBXFileReference; lastKnownFileType = sourcecode.swift; path = ProfileHost.swift; sourceTree = "<group>"; };
		318E79972607CFA000FF76F6 /* ProfileSummary.swift */ = {isa = PBXFileReference; lastKnownFileType = sourcecode.swift; path = ProfileSummary.swift; sourceTree = "<group>"; };
		318E79A12607D1AB00FF76F6 /* HikeBadge.swift */ = {isa = PBXFileReference; lastKnownFileType = sourcecode.swift; path = HikeBadge.swift; sourceTree = "<group>"; };
		31AD578F25AEBDF6006952E0 /* landmarkData.json */ = {isa = PBXFileReference; fileEncoding = 4; lastKnownFileType = text.json; path = landmarkData.json; sourceTree = "<group>"; };
		31AD579625AEBE06006952E0 /* Landmark.swift */ = {isa = PBXFileReference; lastKnownFileType = sourcecode.swift; path = Landmark.swift; sourceTree = "<group>"; };
		31AD579D25AEBF32006952E0 /* ModelData.swift */ = {isa = PBXFileReference; lastKnownFileType = sourcecode.swift; path = ModelData.swift; sourceTree = "<group>"; };
		31AD57B225AEC477006952E0 /* LandmarkRow.swift */ = {isa = PBXFileReference; lastKnownFileType = sourcecode.swift; path = LandmarkRow.swift; sourceTree = "<group>"; };
		31C08C3C25A43FBE00339B84 /* CircleImage.swift */ = {isa = PBXFileReference; lastKnownFileType = sourcecode.swift; path = CircleImage.swift; sourceTree = "<group>"; };
		31C08C4325A445D600339B84 /* MapView.swift */ = {isa = PBXFileReference; lastKnownFileType = sourcecode.swift; path = MapView.swift; sourceTree = "<group>"; };
		31CB26B125B7FC39009EF6F8 /* LandmarkList.swift */ = {isa = PBXFileReference; fileEncoding = 4; lastKnownFileType = sourcecode.swift; path = LandmarkList.swift; sourceTree = "<group>"; };
		31CB26B825B7FDBE009EF6F8 /* LandmarkDetail.swift */ = {isa = PBXFileReference; lastKnownFileType = sourcecode.swift; path = LandmarkDetail.swift; sourceTree = "<group>"; };
		31D299532612D4F000FE5434 /* PageViewController.swift */ = {isa = PBXFileReference; lastKnownFileType = sourcecode.swift; path = PageViewController.swift; sourceTree = "<group>"; };
		31E818A825DA3DFE0074BE39 /* HexagonParameters.swift */ = {isa = PBXFileReference; lastKnownFileType = sourcecode.swift; path = HexagonParameters.swift; sourceTree = "<group>"; };
		31E818AE25DA41430074BE39 /* BadgeBackground.swift */ = {isa = PBXFileReference; lastKnownFileType = sourcecode.swift; path = BadgeBackground.swift; sourceTree = "<group>"; };
		31F4751525F595C600EE9171 /* BadgeSymbol.swift */ = {isa = PBXFileReference; lastKnownFileType = sourcecode.swift; path = BadgeSymbol.swift; sourceTree = "<group>"; };
		31F4751B25F5984C00EE9171 /* RotatedBadgeSymbol.swift */ = {isa = PBXFileReference; lastKnownFileType = sourcecode.swift; path = RotatedBadgeSymbol.swift; sourceTree = "<group>"; };
		31F4752125F59A3200EE9171 /* Badge.swift */ = {isa = PBXFileReference; lastKnownFileType = sourcecode.swift; path = Badge.swift; sourceTree = "<group>"; };
		31F4752825F5A36900EE9171 /* hikeData.json */ = {isa = PBXFileReference; lastKnownFileType = text.json; path = hikeData.json; sourceTree = "<group>"; };
		31F4752E25F5A38C00EE9171 /* Hike.swift.swift */ = {isa = PBXFileReference; lastKnownFileType = sourcecode.swift; path = Hike.swift.swift; sourceTree = "<group>"; };
		31F4753525F5A4AA00EE9171 /* GraphCapsule.swift */ = {isa = PBXFileReference; fileEncoding = 4; lastKnownFileType = sourcecode.swift; path = GraphCapsule.swift; sourceTree = "<group>"; };
		31F4753625F5A4AA00EE9171 /* HikeGraph.swift */ = {isa = PBXFileReference; fileEncoding = 4; lastKnownFileType = sourcecode.swift; path = HikeGraph.swift; sourceTree = "<group>"; };
		31F4753725F5A4AA00EE9171 /* HikeDetail.swift */ = {isa = PBXFileReference; fileEncoding = 4; lastKnownFileType = sourcecode.swift; path = HikeDetail.swift; sourceTree = "<group>"; };
		31F4753825F5A4AA00EE9171 /* HikeView.swift */ = {isa = PBXFileReference; fileEncoding = 4; lastKnownFileType = sourcecode.swift; path = HikeView.swift; sourceTree = "<group>"; };
/* End PBXFileReference section */

/* Begin PBXFrameworksBuildPhase section */
		3148C7722597B48300F2DB2E /* Frameworks */ = {
			isa = PBXFrameworksBuildPhase;
			buildActionMask = 2147483647;
			files = (
			);
			runOnlyForDeploymentPostprocessing = 0;
		};
		3148C7822597B48300F2DB2E /* Frameworks */ = {
			isa = PBXFrameworksBuildPhase;
			buildActionMask = 2147483647;
			files = (
			);
			runOnlyForDeploymentPostprocessing = 0;
		};
/* End PBXFrameworksBuildPhase section */

/* Begin PBXGroup section */
		3109E18F2601CBB9001D39A3 /* Categories */ = {
			isa = PBXGroup;
			children = (
				3109E1902601CBDB001D39A3 /* CategoryHome.swift */,
				3109E19D2601CED5001D39A3 /* CategoryRow.swift */,
				3109E1A12601D27A001D39A3 /* CategoryItem.swift */,
			);
			path = Categories;
			sourceTree = "<group>";
		};
		310C7E1925C933390000F1E4 /* Landmarks */ = {
			isa = PBXGroup;
			children = (
				31AD57B225AEC477006952E0 /* LandmarkRow.swift */,
				31CB26B125B7FC39009EF6F8 /* LandmarkList.swift */,
				31CB26B825B7FDBE009EF6F8 /* LandmarkDetail.swift */,
			);
			path = Landmarks;
			sourceTree = "<group>";
		};
		310C7E1A25C933410000F1E4 /* Helpers */ = {
			isa = PBXGroup;
			children = (
				31C08C3C25A43FBE00339B84 /* CircleImage.swift */,
				31C08C4325A445D600339B84 /* MapView.swift */,
				310C7E1225C92F700000F1E4 /* FavoriteButton.swift */,
				31212CDA2618AC7C005267AC /* FeatureCard.swift */,
			);
			path = Helpers;
			sourceTree = "<group>";
		};
		3148C7682597B48200F2DB2E = {
			isa = PBXGroup;
			children = (
				3148C76D2597B48200F2DB2E /* Shared */,
				3148C7772597B48300F2DB2E /* iOS */,
				3148C7882597B48300F2DB2E /* Tests iOS */,
				3148C7762597B48300F2DB2E /* Products */,
			);
			sourceTree = "<group>";
		};
		3148C76D2597B48200F2DB2E /* Shared */ = {
			isa = PBXGroup;
			children = (
				31AD57A625AEC40F006952E0 /* Resources */,
				31AD57A525AEC409006952E0 /* Model */,
				31AD57A425AEC400006952E0 /* Views */,
				3148C76E2597B48200F2DB2E /* SwiftUI_TutorialApp.swift */,
				3148C7702597B48300F2DB2E /* Assets.xcassets */,
			);
			path = Shared;
			sourceTree = "<group>";
		};
		3148C7762597B48300F2DB2E /* Products */ = {
			isa = PBXGroup;
			children = (
				3148C7752597B48300F2DB2E /* SwiftUI-Tutorial.app */,
				3148C7852597B48300F2DB2E /* Tests iOS.xctest */,
			);
			name = Products;
			sourceTree = "<group>";
		};
		3148C7772597B48300F2DB2E /* iOS */ = {
			isa = PBXGroup;
			children = (
				3148C7782597B48300F2DB2E /* Info.plist */,
			);
			path = iOS;
			sourceTree = "<group>";
		};
		3148C7882597B48300F2DB2E /* Tests iOS */ = {
			isa = PBXGroup;
			children = (
				3148C7892597B48300F2DB2E /* Tests_iOS.swift */,
				3148C78B2597B48300F2DB2E /* Info.plist */,
			);
			path = "Tests iOS";
			sourceTree = "<group>";
		};
		318E79922607CE5500FF76F6 /* Profiles */ = {
			isa = PBXGroup;
			children = (
				318E79932607CE6200FF76F6 /* ProfileHost.swift */,
				318E79972607CFA000FF76F6 /* ProfileSummary.swift */,
				310845B1260BCF3A00C87821 /* ProfileEditor.swift */,
			);
			path = Profiles;
			sourceTree = "<group>";
		};
		31AD57A425AEC400006952E0 /* Views */ = {
			isa = PBXGroup;
			children = (
				31D299522612D2DE00FE5434 /* PageVIew */,
				318E79922607CE5500FF76F6 /* Profiles */,
				3109E18F2601CBB9001D39A3 /* Categories */,
				31F4753425F5A4AA00EE9171 /* Hikes */,
				31F4752725F59C1800EE9171 /* Badges */,
				310C7E1A25C933410000F1E4 /* Helpers */,
				310C7E1925C933390000F1E4 /* Landmarks */,
				3109E1A72601D7FA001D39A3 /* ContentView.swift */,
			);
			path = Views;
			sourceTree = "<group>";
		};
		31AD57A525AEC409006952E0 /* Model */ = {
			isa = PBXGroup;
			children = (
				31AD579625AEBE06006952E0 /* Landmark.swift */,
				31AD579D25AEBF32006952E0 /* ModelData.swift */,
				31F4752E25F5A38C00EE9171 /* Hike.swift.swift */,
				318E798E2607CD5400FF76F6 /* Profile.swift */,
			);
			path = Model;
			sourceTree = "<group>";
		};
		31AD57A625AEC40F006952E0 /* Resources */ = {
			isa = PBXGroup;
			children = (
				31AD578F25AEBDF6006952E0 /* landmarkData.json */,
				31F4752825F5A36900EE9171 /* hikeData.json */,
			);
			path = Resources;
			sourceTree = "<group>";
		};
		31D299522612D2DE00FE5434 /* PageVIew */ = {
			isa = PBXGroup;
			children = (
				31D299532612D4F000FE5434 /* PageViewController.swift */,
				31212CDE2618AF08005267AC /* PageView.swift */,
				31212CE22618BA4C005267AC /* PageControl.swift */,
			);
			path = PageVIew;
			sourceTree = "<group>";
		};
		31F4752725F59C1800EE9171 /* Badges */ = {
			isa = PBXGroup;
			children = (
				31E818A825DA3DFE0074BE39 /* HexagonParameters.swift */,
				31E818AE25DA41430074BE39 /* BadgeBackground.swift */,
				31F4751525F595C600EE9171 /* BadgeSymbol.swift */,
				31F4751B25F5984C00EE9171 /* RotatedBadgeSymbol.swift */,
				31F4752125F59A3200EE9171 /* Badge.swift */,
			);
			path = Badges;
			sourceTree = "<group>";
		};
		31F4753425F5A4AA00EE9171 /* Hikes */ = {
			isa = PBXGroup;
			children = (
				31F4753525F5A4AA00EE9171 /* GraphCapsule.swift */,
				31F4753625F5A4AA00EE9171 /* HikeGraph.swift */,
				31F4753725F5A4AA00EE9171 /* HikeDetail.swift */,
				31F4753825F5A4AA00EE9171 /* HikeView.swift */,
				318E79A12607D1AB00FF76F6 /* HikeBadge.swift */,
			);
			path = Hikes;
			sourceTree = "<group>";
		};
/* End PBXGroup section */

/* Begin PBXNativeTarget section */
		3148C7742597B48300F2DB2E /* SwiftUI-Tutorial (iOS) */ = {
			isa = PBXNativeTarget;
			buildConfigurationList = 3148C79F2597B48300F2DB2E /* Build configuration list for PBXNativeTarget "SwiftUI-Tutorial (iOS)" */;
			buildPhases = (
				3148C7712597B48300F2DB2E /* Sources */,
				3148C7722597B48300F2DB2E /* Frameworks */,
				3148C7732597B48300F2DB2E /* Resources */,
			);
			buildRules = (
			);
			dependencies = (
			);
			name = "SwiftUI-Tutorial (iOS)";
			productName = "SwiftUI-Tutorial (iOS)";
			productReference = 3148C7752597B48300F2DB2E /* SwiftUI-Tutorial.app */;
			productType = "com.apple.product-type.application";
		};
		3148C7842597B48300F2DB2E /* Tests iOS */ = {
			isa = PBXNativeTarget;
			buildConfigurationList = 3148C7A52597B48300F2DB2E /* Build configuration list for PBXNativeTarget "Tests iOS" */;
			buildPhases = (
				3148C7812597B48300F2DB2E /* Sources */,
				3148C7822597B48300F2DB2E /* Frameworks */,
				3148C7832597B48300F2DB2E /* Resources */,
			);
			buildRules = (
			);
			dependencies = (
				3148C7872597B48300F2DB2E /* PBXTargetDependency */,
			);
			name = "Tests iOS";
			productName = "Tests iOS";
			productReference = 3148C7852597B48300F2DB2E /* Tests iOS.xctest */;
			productType = "com.apple.product-type.bundle.ui-testing";
		};
/* End PBXNativeTarget section */

/* Begin PBXProject section */
		3148C7692597B48200F2DB2E /* Project object */ = {
			isa = PBXProject;
			attributes = {
				LastSwiftUpdateCheck = 1230;
				LastUpgradeCheck = 1230;
				TargetAttributes = {
					3148C7742597B48300F2DB2E = {
						CreatedOnToolsVersion = 12.3;
					};
					3148C7842597B48300F2DB2E = {
						CreatedOnToolsVersion = 12.3;
						TestTargetID = 3148C7742597B48300F2DB2E;
					};
				};
			};
			buildConfigurationList = 3148C76C2597B48200F2DB2E /* Build configuration list for PBXProject "SwiftUI-Tutorial" */;
			compatibilityVersion = "Xcode 9.3";
			developmentRegion = en;
			hasScannedForEncodings = 0;
			knownRegions = (
				en,
				Base,
			);
			mainGroup = 3148C7682597B48200F2DB2E;
			productRefGroup = 3148C7762597B48300F2DB2E /* Products */;
			projectDirPath = "";
			projectRoot = "";
			targets = (
				3148C7742597B48300F2DB2E /* SwiftUI-Tutorial (iOS) */,
				3148C7842597B48300F2DB2E /* Tests iOS */,
			);
		};
/* End PBXProject section */

/* Begin PBXResourcesBuildPhase section */
		3148C7732597B48300F2DB2E /* Resources */ = {
			isa = PBXResourcesBuildPhase;
			buildActionMask = 2147483647;
			files = (
				3148C79B2597B48300F2DB2E /* Assets.xcassets in Resources */,
				31F4752925F5A36900EE9171 /* hikeData.json in Resources */,
				31AD579025AEBDF6006952E0 /* landmarkData.json in Resources */,
			);
			runOnlyForDeploymentPostprocessing = 0;
		};
		3148C7832597B48300F2DB2E /* Resources */ = {
			isa = PBXResourcesBuildPhase;
			buildActionMask = 2147483647;
			files = (
			);
			runOnlyForDeploymentPostprocessing = 0;
		};
/* End PBXResourcesBuildPhase section */

/* Begin PBXSourcesBuildPhase section */
		3148C7712597B48300F2DB2E /* Sources */ = {
			isa = PBXSourcesBuildPhase;
			buildActionMask = 2147483647;
			files = (
				31E818A925DA3DFE0074BE39 /* HexagonParameters.swift in Sources */,
				318E798F2607CD5400FF76F6 /* Profile.swift in Sources */,
				31C08C4425A445D600339B84 /* MapView.swift in Sources */,
				3148C7972597B48300F2DB2E /* SwiftUI_TutorialApp.swift in Sources */,
				31212CDB2618AC7C005267AC /* FeatureCard.swift in Sources */,
				31CB26B225B7FC39009EF6F8 /* LandmarkList.swift in Sources */,
				3109E19E2601CED5001D39A3 /* CategoryRow.swift in Sources */,
				3109E1912601CBDB001D39A3 /* CategoryHome.swift in Sources */,
				31F4753C25F5A4AA00EE9171 /* HikeView.swift in Sources */,
				31F4752F25F5A38C00EE9171 /* Hike.swift.swift in Sources */,
				31212CE32618BA4C005267AC /* PageControl.swift in Sources */,
				310C7E1325C92F700000F1E4 /* FavoriteButton.swift in Sources */,
				31F4751625F595C600EE9171 /* BadgeSymbol.swift in Sources */,
				31CB26B925B7FDBE009EF6F8 /* LandmarkDetail.swift in Sources */,
				318E79982607CFA000FF76F6 /* ProfileSummary.swift in Sources */,
				31F4752225F59A3200EE9171 /* Badge.swift in Sources */,
				318E79942607CE6200FF76F6 /* ProfileHost.swift in Sources */,
				31E818AF25DA41430074BE39 /* BadgeBackground.swift in Sources */,
				31C08C3D25A43FBE00339B84 /* CircleImage.swift in Sources */,
				31212CDF2618AF08005267AC /* PageView.swift in Sources */,
				31F4753B25F5A4AA00EE9171 /* HikeDetail.swift in Sources */,
				310845B2260BCF3A00C87821 /* ProfileEditor.swift in Sources */,
				31AD579725AEBE06006952E0 /* Landmark.swift in Sources */,
				31F4753925F5A4AA00EE9171 /* GraphCapsule.swift in Sources */,
				3109E1A82601D7FA001D39A3 /* ContentView.swift in Sources */,
				31D299542612D4F000FE5434 /* PageViewController.swift in Sources */,
				31F4751C25F5984C00EE9171 /* RotatedBadgeSymbol.swift in Sources */,
				318E79A22607D1AB00FF76F6 /* HikeBadge.swift in Sources */,
				31AD57B325AEC477006952E0 /* LandmarkRow.swift in Sources */,
				31AD579E25AEBF32006952E0 /* ModelData.swift in Sources */,
				3109E1A22601D27A001D39A3 /* CategoryItem.swift in Sources */,
				31F4753A25F5A4AA00EE9171 /* HikeGraph.swift in Sources */,
			);
			runOnlyForDeploymentPostprocessing = 0;
		};
		3148C7812597B48300F2DB2E /* Sources */ = {
			isa = PBXSourcesBuildPhase;
			buildActionMask = 2147483647;
			files = (
				3148C78A2597B48300F2DB2E /* Tests_iOS.swift in Sources */,
			);
			runOnlyForDeploymentPostprocessing = 0;
		};
/* End PBXSourcesBuildPhase section */

/* Begin PBXTargetDependency section */
		3148C7872597B48300F2DB2E /* PBXTargetDependency */ = {
			isa = PBXTargetDependency;
			target = 3148C7742597B48300F2DB2E /* SwiftUI-Tutorial (iOS) */;
			targetProxy = 3148C7862597B48300F2DB2E /* PBXContainerItemProxy */;
		};
/* End PBXTargetDependency section */

/* Begin XCBuildConfiguration section */
		3148C79D2597B48300F2DB2E /* Debug */ = {
			isa = XCBuildConfiguration;
			buildSettings = {
				ALWAYS_SEARCH_USER_PATHS = NO;
				CLANG_ANALYZER_NONNULL = YES;
				CLANG_ANALYZER_NUMBER_OBJECT_CONVERSION = YES_AGGRESSIVE;
				CLANG_CXX_LANGUAGE_STANDARD = "gnu++14";
				CLANG_CXX_LIBRARY = "libc++";
				CLANG_ENABLE_MODULES = YES;
				CLANG_ENABLE_OBJC_ARC = YES;
				CLANG_ENABLE_OBJC_WEAK = YES;
				CLANG_WARN_BLOCK_CAPTURE_AUTORELEASING = YES;
				CLANG_WARN_BOOL_CONVERSION = YES;
				CLANG_WARN_COMMA = YES;
				CLANG_WARN_CONSTANT_CONVERSION = YES;
				CLANG_WARN_DEPRECATED_OBJC_IMPLEMENTATIONS = YES;
				CLANG_WARN_DIRECT_OBJC_ISA_USAGE = YES_ERROR;
				CLANG_WARN_DOCUMENTATION_COMMENTS = YES;
				CLANG_WARN_EMPTY_BODY = YES;
				CLANG_WARN_ENUM_CONVERSION = YES;
				CLANG_WARN_INFINITE_RECURSION = YES;
				CLANG_WARN_INT_CONVERSION = YES;
				CLANG_WARN_NON_LITERAL_NULL_CONVERSION = YES;
				CLANG_WARN_OBJC_IMPLICIT_RETAIN_SELF = YES;
				CLANG_WARN_OBJC_LITERAL_CONVERSION = YES;
				CLANG_WARN_OBJC_ROOT_CLASS = YES_ERROR;
				CLANG_WARN_QUOTED_INCLUDE_IN_FRAMEWORK_HEADER = YES;
				CLANG_WARN_RANGE_LOOP_ANALYSIS = YES;
				CLANG_WARN_STRICT_PROTOTYPES = YES;
				CLANG_WARN_SUSPICIOUS_MOVE = YES;
				CLANG_WARN_UNGUARDED_AVAILABILITY = YES_AGGRESSIVE;
				CLANG_WARN_UNREACHABLE_CODE = YES;
				CLANG_WARN__DUPLICATE_METHOD_MATCH = YES;
				COPY_PHASE_STRIP = NO;
				DEBUG_INFORMATION_FORMAT = dwarf;
				ENABLE_STRICT_OBJC_MSGSEND = YES;
				ENABLE_TESTABILITY = YES;
				GCC_C_LANGUAGE_STANDARD = gnu11;
				GCC_DYNAMIC_NO_PIC = NO;
				GCC_NO_COMMON_BLOCKS = YES;
				GCC_OPTIMIZATION_LEVEL = 0;
				GCC_PREPROCESSOR_DEFINITIONS = (
					"DEBUG=1",
					"$(inherited)",
				);
				GCC_WARN_64_TO_32_BIT_CONVERSION = YES;
				GCC_WARN_ABOUT_RETURN_TYPE = YES_ERROR;
				GCC_WARN_UNDECLARED_SELECTOR = YES;
				GCC_WARN_UNINITIALIZED_AUTOS = YES_AGGRESSIVE;
				GCC_WARN_UNUSED_FUNCTION = YES;
				GCC_WARN_UNUSED_VARIABLE = YES;
				MTL_ENABLE_DEBUG_INFO = INCLUDE_SOURCE;
				MTL_FAST_MATH = YES;
				ONLY_ACTIVE_ARCH = YES;
				SWIFT_ACTIVE_COMPILATION_CONDITIONS = DEBUG;
				SWIFT_OPTIMIZATION_LEVEL = "-Onone";
			};
			name = Debug;
		};
		3148C79E2597B48300F2DB2E /* Release */ = {
			isa = XCBuildConfiguration;
			buildSettings = {
				ALWAYS_SEARCH_USER_PATHS = NO;
				CLANG_ANALYZER_NONNULL = YES;
				CLANG_ANALYZER_NUMBER_OBJECT_CONVERSION = YES_AGGRESSIVE;
				CLANG_CXX_LANGUAGE_STANDARD = "gnu++14";
				CLANG_CXX_LIBRARY = "libc++";
				CLANG_ENABLE_MODULES = YES;
				CLANG_ENABLE_OBJC_ARC = YES;
				CLANG_ENABLE_OBJC_WEAK = YES;
				CLANG_WARN_BLOCK_CAPTURE_AUTORELEASING = YES;
				CLANG_WARN_BOOL_CONVERSION = YES;
				CLANG_WARN_COMMA = YES;
				CLANG_WARN_CONSTANT_CONVERSION = YES;
				CLANG_WARN_DEPRECATED_OBJC_IMPLEMENTATIONS = YES;
				CLANG_WARN_DIRECT_OBJC_ISA_USAGE = YES_ERROR;
				CLANG_WARN_DOCUMENTATION_COMMENTS = YES;
				CLANG_WARN_EMPTY_BODY = YES;
				CLANG_WARN_ENUM_CONVERSION = YES;
				CLANG_WARN_INFINITE_RECURSION = YES;
				CLANG_WARN_INT_CONVERSION = YES;
				CLANG_WARN_NON_LITERAL_NULL_CONVERSION = YES;
				CLANG_WARN_OBJC_IMPLICIT_RETAIN_SELF = YES;
				CLANG_WARN_OBJC_LITERAL_CONVERSION = YES;
				CLANG_WARN_OBJC_ROOT_CLASS = YES_ERROR;
				CLANG_WARN_QUOTED_INCLUDE_IN_FRAMEWORK_HEADER = YES;
				CLANG_WARN_RANGE_LOOP_ANALYSIS = YES;
				CLANG_WARN_STRICT_PROTOTYPES = YES;
				CLANG_WARN_SUSPICIOUS_MOVE = YES;
				CLANG_WARN_UNGUARDED_AVAILABILITY = YES_AGGRESSIVE;
				CLANG_WARN_UNREACHABLE_CODE = YES;
				CLANG_WARN__DUPLICATE_METHOD_MATCH = YES;
				COPY_PHASE_STRIP = NO;
				DEBUG_INFORMATION_FORMAT = "dwarf-with-dsym";
				ENABLE_NS_ASSERTIONS = NO;
				ENABLE_STRICT_OBJC_MSGSEND = YES;
				GCC_C_LANGUAGE_STANDARD = gnu11;
				GCC_NO_COMMON_BLOCKS = YES;
				GCC_WARN_64_TO_32_BIT_CONVERSION = YES;
				GCC_WARN_ABOUT_RETURN_TYPE = YES_ERROR;
				GCC_WARN_UNDECLARED_SELECTOR = YES;
				GCC_WARN_UNINITIALIZED_AUTOS = YES_AGGRESSIVE;
				GCC_WARN_UNUSED_FUNCTION = YES;
				GCC_WARN_UNUSED_VARIABLE = YES;
				MTL_ENABLE_DEBUG_INFO = NO;
				MTL_FAST_MATH = YES;
				SWIFT_COMPILATION_MODE = wholemodule;
				SWIFT_OPTIMIZATION_LEVEL = "-O";
			};
			name = Release;
		};
		3148C7A02597B48300F2DB2E /* Debug */ = {
			isa = XCBuildConfiguration;
			buildSettings = {
				ASSETCATALOG_COMPILER_APPICON_NAME = AppIcon;
				ASSETCATALOG_COMPILER_GLOBAL_ACCENT_COLOR_NAME = AccentColor;
				CODE_SIGN_STYLE = Automatic;
				DEVELOPMENT_TEAM = 3KVY8YFHHN;
				ENABLE_PREVIEWS = YES;
				INFOPLIST_FILE = iOS/Info.plist;
				IPHONEOS_DEPLOYMENT_TARGET = 14.0;
				LD_RUNPATH_SEARCH_PATHS = (
					"$(inherited)",
					"@executable_path/Frameworks",
				);
				PRODUCT_BUNDLE_IDENTIFIER = "com.heavenlapse.SwiftUI-Tutorial";
				PRODUCT_NAME = "SwiftUI-Tutorial";
				SDKROOT = iphoneos;
				SWIFT_VERSION = 5.0;
				TARGETED_DEVICE_FAMILY = "1,2";
			};
			name = Debug;
		};
		3148C7A12597B48300F2DB2E /* Release */ = {
			isa = XCBuildConfiguration;
			buildSettings = {
				ASSETCATALOG_COMPILER_APPICON_NAME = AppIcon;
				ASSETCATALOG_COMPILER_GLOBAL_ACCENT_COLOR_NAME = AccentColor;
				CODE_SIGN_STYLE = Automatic;
				DEVELOPMENT_TEAM = 3KVY8YFHHN;
				ENABLE_PREVIEWS = YES;
				INFOPLIST_FILE = iOS/Info.plist;
				IPHONEOS_DEPLOYMENT_TARGET = 14.0;
				LD_RUNPATH_SEARCH_PATHS = (
					"$(inherited)",
					"@executable_path/Frameworks",
				);
				PRODUCT_BUNDLE_IDENTIFIER = "com.heavenlapse.SwiftUI-Tutorial";
				PRODUCT_NAME = "SwiftUI-Tutorial";
				SDKROOT = iphoneos;
				SWIFT_VERSION = 5.0;
				TARGETED_DEVICE_FAMILY = "1,2";
				VALIDATE_PRODUCT = YES;
			};
			name = Release;
		};
		3148C7A62597B48300F2DB2E /* Debug */ = {
			isa = XCBuildConfiguration;
			buildSettings = {
				ALWAYS_EMBED_SWIFT_STANDARD_LIBRARIES = YES;
				CODE_SIGN_STYLE = Automatic;
				DEVELOPMENT_TEAM = 3KVY8YFHHN;
				INFOPLIST_FILE = "Tests iOS/Info.plist";
				IPHONEOS_DEPLOYMENT_TARGET = 14.3;
				LD_RUNPATH_SEARCH_PATHS = (
					"$(inherited)",
					"@executable_path/Frameworks",
					"@loader_path/Frameworks",
				);
				PRODUCT_BUNDLE_IDENTIFIER = "com.heavenlapse.Tests-iOS";
				PRODUCT_NAME = "$(TARGET_NAME)";
				SDKROOT = iphoneos;
				SWIFT_VERSION = 5.0;
				TARGETED_DEVICE_FAMILY = "1,2";
				TEST_TARGET_NAME = "SwiftUI-Tutorial (iOS)";
			};
			name = Debug;
		};
		3148C7A72597B48300F2DB2E /* Release */ = {
			isa = XCBuildConfiguration;
			buildSettings = {
				ALWAYS_EMBED_SWIFT_STANDARD_LIBRARIES = YES;
				CODE_SIGN_STYLE = Automatic;
				DEVELOPMENT_TEAM = 3KVY8YFHHN;
				INFOPLIST_FILE = "Tests iOS/Info.plist";
				IPHONEOS_DEPLOYMENT_TARGET = 14.3;
				LD_RUNPATH_SEARCH_PATHS = (
					"$(inherited)",
					"@executable_path/Frameworks",
					"@loader_path/Frameworks",
				);
				PRODUCT_BUNDLE_IDENTIFIER = "com.heavenlapse.Tests-iOS";
				PRODUCT_NAME = "$(TARGET_NAME)";
				SDKROOT = iphoneos;
				SWIFT_VERSION = 5.0;
				TARGETED_DEVICE_FAMILY = "1,2";
				TEST_TARGET_NAME = "SwiftUI-Tutorial (iOS)";
				VALIDATE_PRODUCT = YES;
			};
			name = Release;
		};
/* End XCBuildConfiguration section */

/* Begin XCConfigurationList section */
		3148C76C2597B48200F2DB2E /* Build configuration list for PBXProject "SwiftUI-Tutorial" */ = {
			isa = XCConfigurationList;
			buildConfigurations = (
				3148C79D2597B48300F2DB2E /* Debug */,
				3148C79E2597B48300F2DB2E /* Release */,
			);
			defaultConfigurationIsVisible = 0;
			defaultConfigurationName = Release;
		};
		3148C79F2597B48300F2DB2E /* Build configuration list for PBXNativeTarget "SwiftUI-Tutorial (iOS)" */ = {
			isa = XCConfigurationList;
			buildConfigurations = (
				3148C7A02597B48300F2DB2E /* Debug */,
				3148C7A12597B48300F2DB2E /* Release */,
			);
			defaultConfigurationIsVisible = 0;
			defaultConfigurationName = Release;
		};
		3148C7A52597B48300F2DB2E /* Build configuration list for PBXNativeTarget "Tests iOS" */ = {
			isa = XCConfigurationList;
			buildConfigurations = (
				3148C7A62597B48300F2DB2E /* Debug */,
				3148C7A72597B48300F2DB2E /* Release */,
			);
			defaultConfigurationIsVisible = 0;
			defaultConfigurationName = Release;
		};
/* End XCConfigurationList section */
	};
	rootObject = 3148C7692597B48200F2DB2E /* Project object */;
}
